
Microsoft Visual Studio Solution File, Format Version 12.00
# Visual Studio Version 17
VisualStudioVersion = 17.4.33103.184
MinimumVisualStudioVersion = 10.0.40219.1
Project("{FAE04EC0-301F-11D3-BF4B-00C04F79EFBC}") = "HelloJenkin", "HelloJenkin\HelloJenkin.csproj", "{30F5F63C-E80B-434A-824A-E9F5FBA79F2E}"
EndProject
Project("{FAE04EC0-301F-11D3-BF4B-00C04F79EFBC}") = "Calculator", "Calculator\Calculator.csproj", "{2BCF9869-9385-4375-8072-5DF992972E04}"
EndProject
Global
	GlobalSection(SolutionConfigurationPlatforms) = preSolution
		Debug|Any CPU = Debug|Any CPU
		Release|Any CPU = Release|Any CPU
	EndGlobalSection
	GlobalSection(ProjectConfigurationPlatforms) = postSolution
		{30F5F63C-E80B-434A-824A-E9F5FBA79F2E}.Debug|Any CPU.ActiveCfg = Debug|Any CPU
		{30F5F63C-E80B-434A-824A-E9F5FBA79F2E}.Debug|Any CPU.Build.0 = Debug|Any CPU
		{30F5F63C-E80B-434A-824A-E9F5FBA79F2E}.Release|Any CPU.ActiveCfg = Release|Any CPU
		{30F5F63C-E80B-434A-824A-E9F5FBA79F2E}.Release|Any CPU.Build.0 = Release|Any CPU
		{2BCF9869-9385-4375-8072-5DF992972E04}.Debug|Any CPU.ActiveCfg = Debug|Any CPU
		{2BCF9869-9385-4375-8072-5DF992972E04}.Debug|Any CPU.Build.0 = Debug|Any CPU
		{2BCF9869-9385-4375-8072-5DF992972E04}.Release|Any CPU.ActiveCfg = Release|Any CPU
		{2BCF9869-9385-4375-8072-5DF992972E04}.Release|Any CPU.Build.0 = Release|Any CPU
	EndGlobalSection
	GlobalSection(SolutionProperties) = preSolution
		HideSolutionNode = FALSE
	EndGlobalSection
	GlobalSection(ExtensibilityGlobals) = postSolution
		SolutionGuid = {A9E6BEAC-DA1A-4B78-B715-58C434EB23C8}
	EndGlobalSection
EndGlobal
